
Microsoft Visual Studio Solution File, Format Version 12.00
# Visual Studio Version 17
VisualStudioVersion = 17.10.34916.146
MinimumVisualStudioVersion = 10.0.40219.1
Project("{9A19103F-16F7-4668-BE54-9A1E7A4F7556}") = "FCG.Host", "FCG.Host\FCG.Host.csproj", "{A8203E15-58FD-494E-8923-9CE7E01BF1C8}"
EndProject
Project("{9A19103F-16F7-4668-BE54-9A1E7A4F7556}") = "FCG.Infrastructure", "FCG.Infrastructure\FCG.Infrastructure.csproj", "{1E1B2491-7C6F-42D2-A24E-370F07C403D3}"
EndProject
Project("{9A19103F-16F7-4668-BE54-9A1E7A4F7556}") = "FCG.Api", "FCG.Api\FCG.Api.csproj", "{B1401983-D974-426D-A863-D6B83687459C}"
EndProject
Project("{9A19103F-16F7-4668-BE54-9A1E7A4F7556}") = "FCG.Tests", "FCG.Tests\FCG.Tests.csproj", "{7DF70E76-CA20-43F4-86B1-E3A0EC17CDA4}"
EndProject
Project("{FAE04EC0-301F-11D3-BF4B-00C04F79EFBC}") = "FCG.Domain", "FCG.Domain\FCG.Domain.csproj", "{277CE547-2B7B-4097-83E2-681F9DFF8634}"
EndProject
Project("{2150E333-8FDC-42A3-9474-1A3956D46DE8}") = "Itens de Solução", "Itens de Solução", "{380A7511-A354-6D7A-0CC0-8FA1F1BA7B6C}"
	ProjectSection(SolutionItems) = preProject
		Checklist_TechChallenge_Fase1.pdf = Checklist_TechChallenge_Fase1.pdf
		README.md = README.md
		TC_NETT_Fase_1.pdf = TC_NETT_Fase_1.pdf
	EndProjectSection
EndProject
Project("{FAE04EC0-301F-11D3-BF4B-00C04F79EFBC}") = "FCG.Application", "FCG.Application\FCG.Application.csproj", "{927659C9-1AB5-8C36-1C94-4A7A55947107}"
EndProject
Project("{FAE04EC0-301F-11D3-BF4B-00C04F79EFBC}") = "FCG.Blazor", "FCG.Blazor\FCG.Blazor.csproj", "{477AABB0-EAF7-19B1-3A01-AD8F0042B72A}"
EndProject
Global
	GlobalSection(SolutionConfigurationPlatforms) = preSolution
		Debug|Any CPU = Debug|Any CPU
		Release|Any CPU = Release|Any CPU
	EndGlobalSection
	GlobalSection(ProjectConfigurationPlatforms) = postSolution
		{A8203E15-58FD-494E-8923-9CE7E01BF1C8}.Debug|Any CPU.ActiveCfg = Debug|Any CPU
		{A8203E15-58FD-494E-8923-9CE7E01BF1C8}.Debug|Any CPU.Build.0 = Debug|Any CPU
		{A8203E15-58FD-494E-8923-9CE7E01BF1C8}.Release|Any CPU.ActiveCfg = Release|Any CPU
		{A8203E15-58FD-494E-8923-9CE7E01BF1C8}.Release|Any CPU.Build.0 = Release|Any CPU
		{1E1B2491-7C6F-42D2-A24E-370F07C403D3}.Debug|Any CPU.ActiveCfg = Debug|Any CPU
		{1E1B2491-7C6F-42D2-A24E-370F07C403D3}.Debug|Any CPU.Build.0 = Debug|Any CPU
		{1E1B2491-7C6F-42D2-A24E-370F07C403D3}.Release|Any CPU.ActiveCfg = Release|Any CPU
		{1E1B2491-7C6F-42D2-A24E-370F07C403D3}.Release|Any CPU.Build.0 = Release|Any CPU
		{B1401983-D974-426D-A863-D6B83687459C}.Debug|Any CPU.ActiveCfg = Debug|Any CPU
		{B1401983-D974-426D-A863-D6B83687459C}.Debug|Any CPU.Build.0 = Debug|Any CPU
		{B1401983-D974-426D-A863-D6B83687459C}.Release|Any CPU.ActiveCfg = Release|Any CPU
		{B1401983-D974-426D-A863-D6B83687459C}.Release|Any CPU.Build.0 = Release|Any CPU
		{7DF70E76-CA20-43F4-86B1-E3A0EC17CDA4}.Debug|Any CPU.ActiveCfg = Debug|Any CPU
		{7DF70E76-CA20-43F4-86B1-E3A0EC17CDA4}.Debug|Any CPU.Build.0 = Debug|Any CPU
		{7DF70E76-CA20-43F4-86B1-E3A0EC17CDA4}.Release|Any CPU.ActiveCfg = Release|Any CPU
		{7DF70E76-CA20-43F4-86B1-E3A0EC17CDA4}.Release|Any CPU.Build.0 = Release|Any CPU
		{277CE547-2B7B-4097-83E2-681F9DFF8634}.Debug|Any CPU.ActiveCfg = Debug|Any CPU
		{277CE547-2B7B-4097-83E2-681F9DFF8634}.Debug|Any CPU.Build.0 = Debug|Any CPU
		{277CE547-2B7B-4097-83E2-681F9DFF8634}.Release|Any CPU.ActiveCfg = Release|Any CPU
		{277CE547-2B7B-4097-83E2-681F9DFF8634}.Release|Any CPU.Build.0 = Release|Any CPU
		{927659C9-1AB5-8C36-1C94-4A7A55947107}.Debug|Any CPU.ActiveCfg = Debug|Any CPU
		{927659C9-1AB5-8C36-1C94-4A7A55947107}.Debug|Any CPU.Build.0 = Debug|Any CPU
		{927659C9-1AB5-8C36-1C94-4A7A55947107}.Release|Any CPU.ActiveCfg = Release|Any CPU
		{927659C9-1AB5-8C36-1C94-4A7A55947107}.Release|Any CPU.Build.0 = Release|Any CPU
		{477AABB0-EAF7-19B1-3A01-AD8F0042B72A}.Debug|Any CPU.ActiveCfg = Debug|Any CPU
		{477AABB0-EAF7-19B1-3A01-AD8F0042B72A}.Debug|Any CPU.Build.0 = Debug|Any CPU
		{477AABB0-EAF7-19B1-3A01-AD8F0042B72A}.Release|Any CPU.ActiveCfg = Release|Any CPU
		{477AABB0-EAF7-19B1-3A01-AD8F0042B72A}.Release|Any CPU.Build.0 = Release|Any CPU
	EndGlobalSection
	GlobalSection(SolutionProperties) = preSolution
		HideSolutionNode = FALSE
	EndGlobalSection
	GlobalSection(ExtensibilityGlobals) = postSolution
		SolutionGuid = {28B816C9-21B6-4401-81E7-C460430BE4C8}
	EndGlobalSection
EndGlobal
